
Microsoft Visual Studio Solution File, Format Version 12.00
# Visual Studio Version 17
VisualStudioVersion = 17.7.34202.233
MinimumVisualStudioVersion = 10.0.40219.1
Project("{9A19103F-16F7-4668-BE54-9A1E7A4F7556}") = "SupermarketWEB", "SupermarketWEB\SupermarketWEB.csproj", "{2964DCCE-6556-4231-93A1-B88E59EC9860}"
EndProject
Global
	GlobalSection(SolutionConfigurationPlatforms) = preSolution
		Debug|Any CPU = Debug|Any CPU
		Release|Any CPU = Release|Any CPU
	EndGlobalSection
	GlobalSection(ProjectConfigurationPlatforms) = postSolution
		{2964DCCE-6556-4231-93A1-B88E59EC9860}.Debug|Any CPU.ActiveCfg = Debug|Any CPU
		{2964DCCE-6556-4231-93A1-B88E59EC9860}.Debug|Any CPU.Build.0 = Debug|Any CPU
		{2964DCCE-6556-4231-93A1-B88E59EC9860}.Release|Any CPU.ActiveCfg = Release|Any CPU
		{2964DCCE-6556-4231-93A1-B88E59EC9860}.Release|Any CPU.Build.0 = Release|Any CPU
	EndGlobalSection
	GlobalSection(SolutionProperties) = preSolution
		HideSolutionNode = FALSE
	EndGlobalSection
	GlobalSection(ExtensibilityGlobals) = postSolution
		SolutionGuid = {F21297F9-67AC-48E5-9E1C-3EB9F0FBB5C7}
	EndGlobalSection
EndGlobal
